{
  "lockfileVersion": 1,
  "workspaces": {
    "": {
      "name": "@tomsawyerlabs/ui",
      "devDependencies": {
        "@types/react": "^19.0.0",
        "@types/react-dom": "^19.0.0",
        "lefthook": "^2.1.4",
        "oxfmt": "^0.43.0",
        "react": "^19.0.0",
        "react-dom": "^19.0.0",
        "tsdown": "^0.15.6",
        "typescript": "^5.7.3",
      },
      "peerDependencies": {
        "react": "^19.0.0",
        "react-dom": "^19.0.0",
      },
    },
  },
  "packages": {
    "@babel/generator": ["@babel/generator@7.29.7", "", { "dependencies": { "@babel/parser": "^7.29.7", "@babel/types": "^7.29.7", "@jridgewell/gen-mapping": "^0.3.12", "@jridgewell/trace-mapping": "^0.3.28", "jsesc": "^3.0.2" } }, "sha512-DkXD5OJQaAQIdZ1bt3UZdEnHAn9Imd3IVBdX03UFe+ony9Ojw5pzr9YVKGDY1jt+Gcn/FnGkNf8r+Vj5NOJWtQ=="],

    "@babel/helper-string-parser": ["@babel/helper-string-parser@7.29.7", "", {}, "sha512-Pb5ijPrZ89GDH8223L4UP8i6QApWxs04RbPQJTeWDV0/keR2E36MeKnyr6LYmUUvqRRI+Iv87SuF1W6ErINzYw=="],

    "@babel/helper-validator-identifier": ["@babel/helper-validator-identifier@7.29.7", "", {}, "sha512-qehxGkRj55h/ff8EMaJ+cYhyaKlHIxqYDn682wQD7RNp9UujOQsHog2uS0r2vzr4pW+sXf90NeeayjcNaX3fFg=="],

    "@babel/parser": ["@babel/parser@7.29.7", "", { "dependencies": { "@babel/types": "^7.29.7" }, "bin": "./bin/babel-parser.js" }, "sha512-hnORnjP/1P/zFEndoeX+n+t1RwWRJiJpM/jO7FW32Kn9r5+sJB2JWOdYo4L6k78j15eCwY3Gm/7364B1EMwtNg=="],

    "@babel/types": ["@babel/types@7.29.7", "", { "dependencies": { "@babel/helper-string-parser": "^7.29.7", "@babel/helper-validator-identifier": "^7.29.7" } }, "sha512-4zBIxpPzowiZpusoFkyGVwakdRJUyuH5PxQ/PrqghfdFWWasvnCdPfQXHrenDai+gyLARulZjZowCOj6fjT4pA=="],

    "@emnapi/core": ["@emnapi/core@1.11.1", "", { "dependencies": { "@emnapi/wasi-threads": "1.2.2", "tslib": "^2.4.0" } }, "sha512-RSvbQmHzdKzNsLYa/wHrbc3KN4sYLKAdPZxqiM2HATqv/SBk2/ENSHpvXGaLOMcsAyz0poEGqkmmKYG3OWiJEQ=="],

    "@emnapi/runtime": ["@emnapi/runtime@1.11.1", "", { "dependencies": { "tslib": "^2.4.0" } }, "sha512-vgj7R3y3Wgx24IQaGPA/R6YFXLHVMOZ0uVEyIQPaWs+rd1AzfEMXlAC22FYwO1XkKR6NPsq7mUandH8oIRdZFw=="],

    "@emnapi/wasi-threads": ["@emnapi/wasi-threads@1.2.2", "", { "dependencies": { "tslib": "^2.4.0" } }, "sha512-c95qOXkHdydNKhscBTebqEC1CVAZpyqOfVfBzQ1qgzyl3gfeldUjIggDbIZgDKsHLgnsM+igH7TJ/eAasaVuMA=="],

    "@jridgewell/gen-mapping": ["@jridgewell/gen-mapping@0.3.13", "", { "dependencies": { "@jridgewell/sourcemap-codec": "^1.5.0", "@jridgewell/trace-mapping": "^0.3.24" } }, "sha512-2kkt/7niJ6MgEPxF0bYdQ6etZaA+fQvDcLKckhy1yIQOzaoKjBBjSj63/aLVjYE3qhRt5dvM+uUyfCg6UKCBbA=="],

    "@jridgewell/resolve-uri": ["@jridgewell/resolve-uri@3.1.2", "", {}, "sha512-bRISgCIjP20/tbWSPWMEi54QVPRZExkuD9lJL+UIxUKtwVJA8wW1Trb1jMs1RFXo1CBTNZ/5hpC9QvmKWdopKw=="],

    "@jridgewell/sourcemap-codec": ["@jridgewell/sourcemap-codec@1.5.5", "", {}, "sha512-cYQ9310grqxueWbl+WuIUIaiUaDcj7WOq5fVhEljNVgRfOUhY9fy2zTvfoqWsnebh8Sl70VScFbICvJnLKB0Og=="],

    "@jridgewell/trace-mapping": ["@jridgewell/trace-mapping@0.3.31", "", { "dependencies": { "@jridgewell/resolve-uri": "^3.1.0", "@jridgewell/sourcemap-codec": "^1.4.14" } }, "sha512-zzNR+SdQSDJzc8joaeP8QQoCQr8NuYx2dIIytl1QeBEZHJ9uW6hebsrYgbz8hJwUQao3TWCMtmfV8Nu1twOLAw=="],

    "@napi-rs/wasm-runtime": ["@napi-rs/wasm-runtime@1.1.6", "", { "dependencies": { "@tybys/wasm-util": "^0.10.3" }, "peerDependencies": { "@emnapi/core": "^1.7.1", "@emnapi/runtime": "^1.7.1" } }, "sha512-ZLv/JdUfkvOy9eCnnBaGfiO+XimbjebAeO+MRQqD/B+FR1tnRN0tpKSJHRbE8sFfS6aqsXZ67TQjfwfsxULVbg=="],

    "@oxc-project/types": ["@oxc-project/types@0.95.0", "", {}, "sha512-vACy7vhpMPhjEJhULNxrdR0D943TkA/MigMpJCHmBHvMXxRStRi/dPtTlfQ3uDwWSzRpT8z+7ImjZVf8JWBocQ=="],

    "@oxfmt/binding-android-arm-eabi": ["@oxfmt/binding-android-arm-eabi@0.43.0", "", { "os": "android", "cpu": "arm" }, "sha512-CgU2s+/9hHZgo0IxVxrbMPrMj+tJ6VM3mD7Mr/4oiz4FNTISLoCvRmB5nk4wAAle045RtRjd86m673jwPyb1OQ=="],

    "@oxfmt/binding-android-arm64": ["@oxfmt/binding-android-arm64@0.43.0", "", { "os": "android", "cpu": "arm64" }, "sha512-T9OfRwjA/EdYxAqbvR7TtqLv5nIrwPXuCtTwOHtS7aR9uXyn74ZYgzgTo6/ZwvTq9DY4W+DsV09hB2EXgn9EbA=="],

    "@oxfmt/binding-darwin-arm64": ["@oxfmt/binding-darwin-arm64@0.43.0", "", { "os": "darwin", "cpu": "arm64" }, "sha512-o3i49ZUSJWANzXMAAVY1wnqb65hn4JVzwlRQ5qfcwhRzIA8lGVaud31Q3by5ALHPrksp5QEaKCQF9aAS3TXpZA=="],

    "@oxfmt/binding-darwin-x64": ["@oxfmt/binding-darwin-x64@0.43.0", "", { "os": "darwin", "cpu": "x64" }, "sha512-vWECzzCFkb0kK6jaHjbtC5sC3adiNWtqawFCxhpvsWlzVeKmv5bNvkB4nux+o4JKWTpHCM57NDK/MeXt44txmA=="],

    "@oxfmt/binding-freebsd-x64": ["@oxfmt/binding-freebsd-x64@0.43.0", "", { "os": "freebsd", "cpu": "x64" }, "sha512-rgz8JpkKiI/umOf7fl9gwKyQasC8bs5SYHy6g7e4SunfLBY3+8ATcD5caIg8KLGEtKFm5ujKaH8EfjcmnhzTLg=="],

    "@oxfmt/binding-linux-arm-gnueabihf": ["@oxfmt/binding-linux-arm-gnueabihf@0.43.0", "", { "os": "linux", "cpu": "arm" }, "sha512-nWYnF3vIFzT4OM1qL/HSf1Yuj96aBuKWSaObXHSWliwAk2rcj7AWd6Lf7jowEBQMo4wCZVnueIGw/7C4u0KTBQ=="],

    "@oxfmt/binding-linux-arm-musleabihf": ["@oxfmt/binding-linux-arm-musleabihf@0.43.0", "", { "os": "linux", "cpu": "arm" }, "sha512-sFg+NWJbLfupYTF4WELHAPSnLPOn1jiDZ33Z1jfDnTaA+cC3iB35x0FMMZTFdFOz3icRIArncwCcemJFGXu6TQ=="],

    "@oxfmt/binding-linux-arm64-gnu": ["@oxfmt/binding-linux-arm64-gnu@0.43.0", "", { "os": "linux", "cpu": "arm64" }, "sha512-MelWqv68tX6wZEILDrTc9yewiGXe7im62+5x0bNXlCYFOZdA+VnYiJfAihbROsZ5fm90p9C3haFrqjj43XnlAA=="],

    "@oxfmt/binding-linux-arm64-musl": ["@oxfmt/binding-linux-arm64-musl@0.43.0", "", { "os": "linux", "cpu": "arm64" }, "sha512-ROaWfYh+6BSJ1Arwy5ujijTlwnZetxDxzBpDc1oBR4d7rfrPBqzeyjd5WOudowzQUgyavl2wEpzn1hw3jWcqLA=="],

    "@oxfmt/binding-linux-ppc64-gnu": ["@oxfmt/binding-linux-ppc64-gnu@0.43.0", "", { "os": "linux", "cpu": "ppc64" }, "sha512-PJRs/uNxmFipJJ8+SyKHh7Y7VZIKQicqrrBzvfyM5CtKi8D7yZKTwUOZV3ffxmiC2e7l1SDJpkBEOyue5NAFsg=="],

    "@oxfmt/binding-linux-riscv64-gnu": ["@oxfmt/binding-linux-riscv64-gnu@0.43.0", "", { "os": "linux", "cpu": "none" }, "sha512-j6biGAgzIhj+EtHXlbNumvwG7XqOIdiU4KgIWRXAEj/iUbHKukKW8eXa4MIwpQwW1YkxovduKtzEAPnjlnAhVQ=="],

    "@oxfmt/binding-linux-riscv64-musl": ["@oxfmt/binding-linux-riscv64-musl@0.43.0", "", { "os": "linux", "cpu": "none" }, "sha512-RYWxAcslKxvy7yri24Xm9cmD0RiANaiEPs007EFG6l9h1ChM69Q5SOzACaCoz4Z9dEplnhhneeBaTWMEdpgIbA=="],

    "@oxfmt/binding-linux-s390x-gnu": ["@oxfmt/binding-linux-s390x-gnu@0.43.0", "", { "os": "linux", "cpu": "s390x" }, "sha512-DT6Q8zfQQy3jxpezAsBACEHNUUixKSYTwdXeXojNHe4DQOoxjPdjr3Szu6BRNjxLykZM/xMNmp9ElOIyDppwtw=="],

    "@oxfmt/binding-linux-x64-gnu": ["@oxfmt/binding-linux-x64-gnu@0.43.0", "", { "os": "linux", "cpu": "x64" }, "sha512-R8Yk7iYcuZORXmCfFZClqbDxRZgZ9/HEidUuBNdoX8Ptx07cMePnMVJ/woB84lFIDjh2ROHVaOP40Ds3rBXFqg=="],

    "@oxfmt/binding-linux-x64-musl": ["@oxfmt/binding-linux-x64-musl@0.43.0", "", { "os": "linux", "cpu": "x64" }, "sha512-F2YYqyvnQNvi320RWZNAvsaWEHwmW3k4OwNJ1hZxRKXupY63expbBaNp6jAgvYs7y/g546vuQnGHQuCBhslhLQ=="],

    "@oxfmt/binding-openharmony-arm64": ["@oxfmt/binding-openharmony-arm64@0.43.0", "", { "os": "none", "cpu": "arm64" }, "sha512-OE6TdietLXV3F6c7pNIhx/9YC1/2YFwjU9DPc/fbjxIX19hNIaP1rS0cFjCGJlGX+cVJwIKWe8Mos+LdQ1yAJw=="],

    "@oxfmt/binding-win32-arm64-msvc": ["@oxfmt/binding-win32-arm64-msvc@0.43.0", "", { "os": "win32", "cpu": "arm64" }, "sha512-0nWK6a7pGkbdoypfVicmV9k/N1FwjPZENoqhlTU+5HhZnAhpIO3za30nEE33u6l6tuy9OVfpdXUqxUgZ+4lbZw=="],

    "@oxfmt/binding-win32-ia32-msvc": ["@oxfmt/binding-win32-ia32-msvc@0.43.0", "", { "os": "win32", "cpu": "ia32" }, "sha512-9aokTR4Ft+tRdvgN/pKzSkVy2ksc4/dCpDm9L/xFrbIw0yhLtASLbvoG/5WOTUh/BRPPnfGTsWznEqv0dlOmhA=="],

    "@oxfmt/binding-win32-x64-msvc": ["@oxfmt/binding-win32-x64-msvc@0.43.0", "", { "os": "win32", "cpu": "x64" }, "sha512-4bPgdQux2ZLWn3bf2TTXXMHcJB4lenmuxrLqygPmvCJ104Yqzj1UctxSRzR31TiJ4MLaG22RK8dUsVpJtrCz5g=="],

    "@quansync/fs": ["@quansync/fs@1.0.0", "", { "dependencies": { "quansync": "^1.0.0" } }, "sha512-4TJ3DFtlf1L5LDMaM6CanJ/0lckGNtJcMjQ1NAV6zDmA0tEHKZtxNKin8EgPaVX1YzljbxckyT2tJrpQKAtngQ=="],

    "@rolldown/binding-android-arm64": ["@rolldown/binding-android-arm64@1.0.0-beta.45", "", { "os": "android", "cpu": "arm64" }, "sha512-bfgKYhFiXJALeA/riil908+2vlyWGdwa7Ju5S+JgWZYdR4jtiPOGdM6WLfso1dojCh+4ZWeiTwPeV9IKQEX+4g=="],

    "@rolldown/binding-darwin-arm64": ["@rolldown/binding-darwin-arm64@1.0.0-beta.45", "", { "os": "darwin", "cpu": "arm64" }, "sha512-xjCv4CRVsSnnIxTuyH1RDJl5OEQ1c9JYOwfDAHddjJDxCw46ZX9q80+xq7Eok7KC4bRSZudMJllkvOKv0T9SeA=="],

    "@rolldown/binding-darwin-x64": ["@rolldown/binding-darwin-x64@1.0.0-beta.45", "", { "os": "darwin", "cpu": "x64" }, "sha512-ddcO9TD3D/CLUa/l8GO8LHzBOaZqWg5ClMy3jICoxwCuoz47h9dtqPsIeTiB6yR501LQTeDsjA4lIFd7u3Ljfw=="],

    "@rolldown/binding-freebsd-x64": ["@rolldown/binding-freebsd-x64@1.0.0-beta.45", "", { "os": "freebsd", "cpu": "x64" }, "sha512-MBTWdrzW9w+UMYDUvnEuh0pQvLENkl2Sis15fHTfHVW7ClbGuez+RWopZudIDEGkpZXdeI4CkRXk+vdIIebrmg=="],

    "@rolldown/binding-linux-arm-gnueabihf": ["@rolldown/binding-linux-arm-gnueabihf@1.0.0-beta.45", "", { "os": "linux", "cpu": "arm" }, "sha512-4YgoCFiki1HR6oSg+GxxfzfnVCesQxLF1LEnw9uXS/MpBmuog0EOO2rYfy69rWP4tFZL9IWp6KEfGZLrZ7aUog=="],

    "@rolldown/binding-linux-arm64-gnu": ["@rolldown/binding-linux-arm64-gnu@1.0.0-beta.45", "", { "os": "linux", "cpu": "arm64" }, "sha512-LE1gjAwQRrbCOorJJ7LFr10s5vqYf5a00V5Ea9wXcT2+56n5YosJkcp8eQ12FxRBv2YX8dsdQJb+ZTtYJwb6XQ=="],

    "@rolldown/binding-linux-arm64-musl": ["@rolldown/binding-linux-arm64-musl@1.0.0-beta.45", "", { "os": "linux", "cpu": "arm64" }, "sha512-tdy8ThO/fPp40B81v0YK3QC+KODOmzJzSUOO37DinQxzlTJ026gqUSOM8tzlVixRbQJltgVDCTYF8HNPRErQTA=="],

    "@rolldown/binding-linux-x64-gnu": ["@rolldown/binding-linux-x64-gnu@1.0.0-beta.45", "", { "os": "linux", "cpu": "x64" }, "sha512-lS082ROBWdmOyVY/0YB3JmsiClaWoxvC+dA8/rbhyB9VLkvVEaihLEOr4CYmrMse151C4+S6hCw6oa1iewox7g=="],

    "@rolldown/binding-linux-x64-musl": ["@rolldown/binding-linux-x64-musl@1.0.0-beta.45", "", { "os": "linux", "cpu": "x64" }, "sha512-Hi73aYY0cBkr1/SvNQqH8Cd+rSV6S9RB5izCv0ySBcRnd/Wfn5plguUoGYwBnhHgFbh6cPw9m2dUVBR6BG1gxA=="],

    "@rolldown/binding-openharmony-arm64": ["@rolldown/binding-openharmony-arm64@1.0.0-beta.45", "", { "os": "none", "cpu": "arm64" }, "sha512-fljEqbO7RHHogNDxYtTzr+GNjlfOx21RUyGmF+NrkebZ8emYYiIqzPxsaMZuRx0rgZmVmliOzEp86/CQFDKhJQ=="],

    "@rolldown/binding-wasm32-wasi": ["@rolldown/binding-wasm32-wasi@1.0.0-beta.45", "", { "dependencies": { "@napi-rs/wasm-runtime": "^1.0.7" }, "cpu": "none" }, "sha512-ZJDB7lkuZE9XUnWQSYrBObZxczut+8FZ5pdanm8nNS1DAo8zsrPuvGwn+U3fwU98WaiFsNrA4XHngesCGr8tEQ=="],

    "@rolldown/binding-win32-arm64-msvc": ["@rolldown/binding-win32-arm64-msvc@1.0.0-beta.45", "", { "os": "win32", "cpu": "arm64" }, "sha512-zyzAjItHPUmxg6Z8SyRhLdXlJn3/D9KL5b9mObUrBHhWS/GwRH4665xCiFqeuktAhhWutqfc+rOV2LjK4VYQGQ=="],

    "@rolldown/binding-win32-ia32-msvc": ["@rolldown/binding-win32-ia32-msvc@1.0.0-beta.45", "", { "os": "win32", "cpu": "ia32" }, "sha512-wODcGzlfxqS6D7BR0srkJk3drPwXYLu7jPHN27ce2c4PUnVVmJnp9mJzUQGT4LpmHmmVdMZ+P6hKvyTGBzc1CA=="],

    "@rolldown/binding-win32-x64-msvc": ["@rolldown/binding-win32-x64-msvc@1.0.0-beta.45", "", { "os": "win32", "cpu": "x64" }, "sha512-wiU40G1nQo9rtfvF9jLbl79lUgjfaD/LTyUEw2Wg/gdF5OhjzpKMVugZQngO+RNdwYaNj+Fs+kWBWfp4VXPMHA=="],

    "@rolldown/pluginutils": ["@rolldown/pluginutils@1.0.0-beta.45", "", {}, "sha512-Le9ulGCrD8ggInzWw/k2J8QcbPz7eGIOWqfJ2L+1R0Opm7n6J37s2hiDWlh6LJN0Lk9L5sUzMvRHKW7UxBZsQA=="],

    "@tybys/wasm-util": ["@tybys/wasm-util@0.10.3", "", { "dependencies": { "tslib": "^2.4.0" } }, "sha512-F3fo1MYrRJYL3zER0OUOmkutjr1Vp23m7OsSgp7nq4SP6OqX6C/56XFIPAl5bt3zaBRjmW7SGz3u/6LwFpYcOg=="],

    "@types/react": ["@types/react@19.2.17", "", { "dependencies": { "csstype": "^3.2.2" } }, "sha512-MXfmqaVPEVgkBT/aY0aGCkRWWtByiYQXo3xdQ8r5RzuFrPiRn8Gar2tQdXSUQ2GKV3bkXckek89V8wQBY2Q/Aw=="],

    "@types/react-dom": ["@types/react-dom@19.2.3", "", { "peerDependencies": { "@types/react": "^19.2.0" } }, "sha512-jp2L/eY6fn+KgVVQAOqYItbF0VY/YApe5Mz2F0aykSO8gx31bYCZyvSeYxCHKvzHG5eZjc+zyaS5BrBWya2+kQ=="],

    "ansis": ["ansis@4.3.1", "", {}, "sha512-BJ8/l4R5LRE7hW9WdSuGYrLSHi2ynxeFpDFbH0K/CgNeY/tyhk+vO6TYxXC5r5CpUhNVX310xzPsN/H9lCdfOA=="],

    "ast-kit": ["ast-kit@2.2.0", "", { "dependencies": { "@babel/parser": "^7.28.5", "pathe": "^2.0.3" } }, "sha512-m1Q/RaVOnTp9JxPX+F+Zn7IcLYMzM8kZofDImfsKZd8MbR+ikdOzTeztStWqfrqIxZnYWryyI9ePm3NGjnZgGw=="],

    "birpc": ["birpc@2.9.0", "", {}, "sha512-KrayHS5pBi69Xi9JmvoqrIgYGDkD6mcSe/i6YKi3w5kekCLzrX4+nawcXqrj2tIp50Kw/mT/s3p+GVK0A0sKxw=="],

    "cac": ["cac@6.7.14", "", {}, "sha512-b6Ilus+c3RrdDk+JhLKUAQfzzgLEPy6wcXqS7f/xe1EETvsDP6GORG7SFuOs6cID5YkqchW/LXZbX5bc8j7ZcQ=="],

    "chokidar": ["chokidar@4.0.3", "", { "dependencies": { "readdirp": "^4.0.1" } }, "sha512-Qgzu8kfBvo+cA4962jnP1KkS6Dop5NS6g7R5LFYJr4b8Ub94PPQXUksCw9PvXoeXPRRddRNC5C1JQUR2SMGtnA=="],

    "csstype": ["csstype@3.2.3", "", {}, "sha512-z1HGKcYy2xA8AGQfwrn0PAy+PB7X/GSj3UVJW9qKyn43xWa+gl5nXmU4qqLMRzWVLFC8KusUX8T/0kCiOYpAIQ=="],

    "debug": ["debug@4.4.3", "", { "dependencies": { "ms": "^2.1.3" } }, "sha512-RGwwWnwQvkVfavKVt22FGLw+xYSdzARwm0ru6DhTVA3umU5hZc28V3kO4stgYryrTlLpuvgI9GiijltAjNbcqA=="],

    "defu": ["defu@6.1.7", "", {}, "sha512-7z22QmUWiQ/2d0KkdYmANbRUVABpZ9SNYyH5vx6PZ+nE5bcC0l7uFvEfHlyld/HcGBFTL536ClDt3DEcSlEJAQ=="],

    "diff": ["diff@8.0.4", "", {}, "sha512-DPi0FmjiSU5EvQV0++GFDOJ9ASQUVFh5kD+OzOnYdi7n3Wpm9hWWGfB/O2blfHcMVTL5WkQXSnRiK9makhrcnw=="],

    "dts-resolver": ["dts-resolver@2.1.3", "", { "peerDependencies": { "oxc-resolver": ">=11.0.0" }, "optionalPeers": ["oxc-resolver"] }, "sha512-bihc7jPC90VrosXNzK0LTE2cuLP6jr0Ro8jk+kMugHReJVLIpHz/xadeq3MhuwyO4TD4OA3L1Q8pBBFRc08Tsw=="],

    "empathic": ["empathic@2.0.1", "", {}, "sha512-YGRs8knHhKHVShLkFET/rWAU8kmHbOV5LwN938RHI0pljAJ1Gf6SzXsSmRaEzcXTtOOmVqJ5+WtQPL5uigY50Q=="],

    "fdir": ["fdir@6.5.0", "", { "peerDependencies": { "picomatch": "^3 || ^4" }, "optionalPeers": ["picomatch"] }, "sha512-tIbYtZbucOs0BRGqPJkshJUYdL+SDH7dVM8gjy+ERp3WAUjLEFJE+02kanyHtwjWOnwrKYBiwAmM0p4kLJAnXg=="],

    "get-tsconfig": ["get-tsconfig@4.14.0", "", { "dependencies": { "resolve-pkg-maps": "^1.0.0" } }, "sha512-yTb+8DXzDREzgvYmh6s9vHsSVCHeC0G3PI5bEXNBHtmshPnO+S5O7qgLEOn0I5QvMy6kpZN8K1NKGyilLb93wA=="],

    "hookable": ["hookable@5.5.3", "", {}, "sha512-Yc+BQe8SvoXH1643Qez1zqLRmbA5rCL+sSmk6TVos0LWVfNIB7PGncdlId77WzLGSIB5KaWgTaNTs2lNVEI6VQ=="],

    "jiti": ["jiti@2.7.0", "", { "bin": { "jiti": "lib/jiti-cli.mjs" } }, "sha512-AC/7JofJvZGrrneWNaEnJeOLUx+JlGt7tNa0wZiRPT4MY1wmfKjt2+6O2p2uz2+skll8OZZmJMNqeke7kKbNgQ=="],

    "jsesc": ["jsesc@3.1.0", "", { "bin": { "jsesc": "bin/jsesc" } }, "sha512-/sM3dO2FOzXjKQhJuo0Q173wf2KOo8t4I8vHy6lF9poUp7bKT0/NHE8fPX23PwfhnykfqnC2xRxOnVw5XuGIaA=="],

    "lefthook": ["lefthook@2.1.9", "", { "optionalDependencies": { "lefthook-darwin-arm64": "2.1.9", "lefthook-darwin-x64": "2.1.9", "lefthook-freebsd-arm64": "2.1.9", "lefthook-freebsd-x64": "2.1.9", "lefthook-linux-arm64": "2.1.9", "lefthook-linux-x64": "2.1.9", "lefthook-openbsd-arm64": "2.1.9", "lefthook-openbsd-x64": "2.1.9", "lefthook-windows-arm64": "2.1.9", "lefthook-windows-x64": "2.1.9" }, "bin": { "lefthook": "bin/index.js" } }, "sha512-bwDaIOViTktE8kJLf9jP0p+H2/RDTlFFlc43Am2YgUsX22hI6Sq4RbzsrecwzY5y+MHTipOH7WsmWSEniePHWQ=="],

    "lefthook-darwin-arm64": ["lefthook-darwin-arm64@2.1.9", "", { "os": "darwin", "cpu": "arm64" }, "sha512-119HryNcvr4nqn0wUIrNPgpMEPn9yMQzEcW/lezRsnb56PCJriJB92+MCySPVcWDxJnZef7o0T3jdnPNiSH7Qg=="],

    "lefthook-darwin-x64": ["lefthook-darwin-x64@2.1.9", "", { "os": "darwin", "cpu": "x64" }, "sha512-dwo5Tke2XcQCM56DGHgFKBfRbJIL6xs2wZ0zG1TUVZgl4t4mQUt6LiZ4V/ZQfYHTZF9qywvXoIlR5N35qOaiVQ=="],

    "lefthook-freebsd-arm64": ["lefthook-freebsd-arm64@2.1.9", "", { "os": "freebsd", "cpu": "arm64" }, "sha512-+09PVap6nl6xsaHch5JLtq7WvIR++U1Q2MzA2ai0M4uB/VP3AqrvKqHw6+9hjyKnIH+HHL83uqi77EAY+LaxLA=="],

    "lefthook-freebsd-x64": ["lefthook-freebsd-x64@2.1.9", "", { "os": "freebsd", "cpu": "x64" }, "sha512-8XresjKIYpkE9ARgCtBEZgJZxAU3T4MIqzj4zNy15XRT59I1Us+QdqXTNm+pkZ41Yd2X/nxs2Pkvbq3NWWlIGw=="],

    "lefthook-linux-arm64": ["lefthook-linux-arm64@2.1.9", "", { "os": "linux", "cpu": "arm64" }, "sha512-1oNIQfwrPe6rgU2KcDM3aF6+hpZDCKx1TmawQKpXUY5gVsbZ7MqX0Sk/1lnnWxqPm+kQQ5f6J2dpFWd+4xH8jg=="],

    "lefthook-linux-x64": ["lefthook-linux-x64@2.1.9", "", { "os": "linux", "cpu": "x64" }, "sha512-fT+7Q+BJyGp+CslFQkNXmdFRgyVXsPHPi9NAsDX0a6QOyNnoORByAsvx6zeAKuF5rL3BBgNfho1/v2RuGxGy9w=="],

    "lefthook-openbsd-arm64": ["lefthook-openbsd-arm64@2.1.9", "", { "os": "openbsd", "cpu": "arm64" }, "sha512-4bVuafBk3dddVNo0+3hMbjcJs4mqYAstxpPMmX2ufkudSTYFNIhWoqwuGVQV/SS/xdcOKJAldW4qayAzed2ysw=="],

    "lefthook-openbsd-x64": ["lefthook-openbsd-x64@2.1.9", "", { "os": "openbsd", "cpu": "x64" }, "sha512-PmPoMmLP/wQQWcQ9u2YH86bTZ3UCfBsxuEmVTEyPU2U8R1qSTp5r/Gs3G8cN5Mxo91XB9oBERtF1n+xD3W6aVA=="],

    "lefthook-windows-arm64": ["lefthook-windows-arm64@2.1.9", "", { "os": "win32", "cpu": "arm64" }, "sha512-KphfkBKmwBnmolyrdhIl3lrBaOyTcCgXBT2AB/9OHnEXhOLvv5uTCUkrD4YRAxXPtFKq6UvnapIeoL3GZq0bdA=="],

    "lefthook-windows-x64": ["lefthook-windows-x64@2.1.9", "", { "os": "win32", "cpu": "x64" }, "sha512-2qlUtkJHZ3MyUxgV5XTEmcrIoNZA07iwaquoswAcqv/1MeBFXlD+O+koFRfrzWng2O5WYEbpJnd8tvaYnV8fTA=="],

    "magic-string": ["magic-string@0.30.21", "", { "dependencies": { "@jridgewell/sourcemap-codec": "^1.5.5" } }, "sha512-vd2F4YUyEXKGcLHoq+TEyCjxueSeHnFxyyjNp80yg0XV4vUhnDer/lvvlqM/arB5bXQN5K2/3oinyCRyx8T2CQ=="],

    "ms": ["ms@2.1.3", "", {}, "sha512-6FlzubTLZG3J2a/NVCAleEhjzq5oxgHyaCU9yYXvcLsvoVaHJq/s5xXI6/XXP6tz7R9xAOtHnSO/tXtF3WRTlA=="],

    "obug": ["obug@2.1.3", "", {}, "sha512-9miFgM2OFba7hB+pRgvtV84pYTBaoTHohvmIgiRt6dRIzbwEOIaNaP+dIlGs2fNFoB0SeISs0Jz5WFVRid6Xyg=="],

    "oxfmt": ["oxfmt@0.43.0", "", { "dependencies": { "tinypool": "2.1.0" }, "optionalDependencies": { "@oxfmt/binding-android-arm-eabi": "0.43.0", "@oxfmt/binding-android-arm64": "0.43.0", "@oxfmt/binding-darwin-arm64": "0.43.0", "@oxfmt/binding-darwin-x64": "0.43.0", "@oxfmt/binding-freebsd-x64": "0.43.0", "@oxfmt/binding-linux-arm-gnueabihf": "0.43.0", "@oxfmt/binding-linux-arm-musleabihf": "0.43.0", "@oxfmt/binding-linux-arm64-gnu": "0.43.0", "@oxfmt/binding-linux-arm64-musl": "0.43.0", "@oxfmt/binding-linux-ppc64-gnu": "0.43.0", "@oxfmt/binding-linux-riscv64-gnu": "0.43.0", "@oxfmt/binding-linux-riscv64-musl": "0.43.0", "@oxfmt/binding-linux-s390x-gnu": "0.43.0", "@oxfmt/binding-linux-x64-gnu": "0.43.0", "@oxfmt/binding-linux-x64-musl": "0.43.0", "@oxfmt/binding-openharmony-arm64": "0.43.0", "@oxfmt/binding-win32-arm64-msvc": "0.43.0", "@oxfmt/binding-win32-ia32-msvc": "0.43.0", "@oxfmt/binding-win32-x64-msvc": "0.43.0" }, "bin": { "oxfmt": "bin/oxfmt" } }, "sha512-KTYNG5ISfHSdmeZ25Xzb3qgz9EmQvkaGAxgBY/p38+ZiAet3uZeu7FnMwcSQJg152Qwl0wnYAxDc+Z/H6cvrwA=="],

    "pathe": ["pathe@2.0.3", "", {}, "sha512-WUjGcAqP1gQacoQe+OBJsFA7Ld4DyXuUIjZ5cc75cLHvJ7dtNsTugphxIADwspS+AraAUePCKrSVtPLFj/F88w=="],

    "picomatch": ["picomatch@4.0.4", "", {}, "sha512-QP88BAKvMam/3NxH6vj2o21R6MjxZUAd6nlwAS/pnGvN9IVLocLHxGYIzFhg6fUQ+5th6P4dv4eW9jX3DSIj7A=="],

    "quansync": ["quansync@1.0.0", "", {}, "sha512-5xZacEEufv3HSTPQuchrvV6soaiACMFnq1H8wkVioctoH3TRha9Sz66lOxRwPK/qZj7HPiSveih9yAyh98gvqA=="],

    "react": ["react@19.2.7", "", {}, "sha512-HNe9WslTbXmFK8o8cmwgAeJFSBvt1bPdHCVKtaaV+WlAN36mpT4hcRpwbf3fY56ar2oIXzsBpOAiIRHAdY0OlQ=="],

    "react-dom": ["react-dom@19.2.7", "", { "dependencies": { "scheduler": "^0.27.0" }, "peerDependencies": { "react": "^19.2.7" } }, "sha512-t0BRVXvbiE/o20Hfw669rLbMCDWtYZLvmJigy2f0MxsXF+71pxhR3xOkspmsO8h3ZlNzyibAmtCa3l4lYKk6gQ=="],

    "readdirp": ["readdirp@4.1.2", "", {}, "sha512-GDhwkLfywWL2s6vEjyhri+eXmfH6j1L7JE27WhqLeYzoh/A3DBaYGEj2H/HFZCn/kMfim73FXxEJTw06WtxQwg=="],

    "resolve-pkg-maps": ["resolve-pkg-maps@1.0.0", "", {}, "sha512-seS2Tj26TBVOC2NIc2rOe2y2ZO7efxITtLZcGSOnHHNOQ7CkiUBfw0Iw2ck6xkIhPwLhKNLS8BO+hEpngQlqzw=="],

    "rolldown": ["rolldown@1.0.0-beta.45", "", { "dependencies": { "@oxc-project/types": "=0.95.0", "@rolldown/pluginutils": "1.0.0-beta.45" }, "optionalDependencies": { "@rolldown/binding-android-arm64": "1.0.0-beta.45", "@rolldown/binding-darwin-arm64": "1.0.0-beta.45", "@rolldown/binding-darwin-x64": "1.0.0-beta.45", "@rolldown/binding-freebsd-x64": "1.0.0-beta.45", "@rolldown/binding-linux-arm-gnueabihf": "1.0.0-beta.45", "@rolldown/binding-linux-arm64-gnu": "1.0.0-beta.45", "@rolldown/binding-linux-arm64-musl": "1.0.0-beta.45", "@rolldown/binding-linux-x64-gnu": "1.0.0-beta.45", "@rolldown/binding-linux-x64-musl": "1.0.0-beta.45", "@rolldown/binding-openharmony-arm64": "1.0.0-beta.45", "@rolldown/binding-wasm32-wasi": "1.0.0-beta.45", "@rolldown/binding-win32-arm64-msvc": "1.0.0-beta.45", "@rolldown/binding-win32-ia32-msvc": "1.0.0-beta.45", "@rolldown/binding-win32-x64-msvc": "1.0.0-beta.45" }, "bin": { "rolldown": "bin/cli.mjs" } }, "sha512-iMmuD72XXLf26Tqrv1cryNYLX6NNPLhZ3AmNkSf8+xda0H+yijjGJ+wVT9UdBUHOpKzq9RjKtQKRCWoEKQQBZQ=="],

    "rolldown-plugin-dts": ["rolldown-plugin-dts@0.17.8", "", { "dependencies": { "@babel/generator": "^7.28.5", "@babel/parser": "^7.28.5", "@babel/types": "^7.28.5", "ast-kit": "^2.2.0", "birpc": "^2.8.0", "dts-resolver": "^2.1.3", "get-tsconfig": "^4.13.0", "magic-string": "^0.30.21", "obug": "^2.0.0" }, "peerDependencies": { "@ts-macro/tsc": "^0.3.6", "@typescript/native-preview": ">=7.0.0-dev.20250601.1", "rolldown": "^1.0.0-beta.44", "typescript": "^5.0.0", "vue-tsc": "~3.1.0" }, "optionalPeers": ["@ts-macro/tsc", "@typescript/native-preview", "typescript", "vue-tsc"] }, "sha512-76EEBlhF00yeY6M7VpMkWKI4r9WjuoMiOGey7j4D6zf3m0BR+ZrrY9hvSXdueJ3ljxSLq4DJBKFpX/X9+L7EKw=="],

    "scheduler": ["scheduler@0.27.0", "", {}, "sha512-eNv+WrVbKu1f3vbYJT/xtiF5syA5HPIMtf9IgY/nKg0sWqzAUEvqY/xm7OcZc/qafLx/iO9FgOmeSAp4v5ti/Q=="],

    "semver": ["semver@7.8.5", "", { "bin": { "semver": "bin/semver.js" } }, "sha512-Y7/KDsb8LjooZpwaqGyulO6DQlksgCncchHGk+sZIY4SBvUocMBEFH5Ur1fI4dV+Jvl0w6cjvucaIi40puRioA=="],

    "tinyexec": ["tinyexec@1.2.4", "", {}, "sha512-SHf/r48b7vOrjve9PxJo3MN5v5yuyjHvdUcrQffT3WXMUfnGmHDVbC4k3sHJaJTgZCwpUplIaAo5ANtMyp3YHg=="],

    "tinyglobby": ["tinyglobby@0.2.17", "", { "dependencies": { "fdir": "^6.5.0", "picomatch": "^4.0.4" } }, "sha512-wXR/dYpcqKmfWpEdZjiKJOwCNFndD0DMnrW/cYjVGttEkBfVgcLFHoNrlj47mjOVic9yyNu65alsgF4NQyTa2g=="],

    "tinypool": ["tinypool@2.1.0", "", {}, "sha512-Pugqs6M0m7Lv1I7FtxN4aoyToKg1C4tu+/381vH35y8oENM/Ai7f7C4StcoK4/+BSw9ebcS8jRiVrORFKCALLw=="],

    "tree-kill": ["tree-kill@1.2.2", "", { "bin": { "tree-kill": "cli.js" } }, "sha512-L0Orpi8qGpRG//Nd+H90vFB+3iHnue1zSSGmNOOCh1GLJ7rUKVwV2HvijphGQS2UmhUZewS9VgvxYIdgr+fG1A=="],

    "tsdown": ["tsdown@0.15.12", "", { "dependencies": { "ansis": "^4.2.0", "cac": "^6.7.14", "chokidar": "^4.0.3", "debug": "^4.4.3", "diff": "^8.0.2", "empathic": "^2.0.0", "hookable": "^5.5.3", "rolldown": "1.0.0-beta.45", "rolldown-plugin-dts": "^0.17.2", "semver": "^7.7.3", "tinyexec": "^1.0.1", "tinyglobby": "^0.2.15", "tree-kill": "^1.2.2", "unconfig": "^7.3.3" }, "peerDependencies": { "@arethetypeswrong/core": "^0.18.1", "publint": "^0.3.0", "typescript": "^5.0.0", "unplugin-lightningcss": "^0.4.0", "unplugin-unused": "^0.5.0", "unrun": "^0.2.1" }, "optionalPeers": ["@arethetypeswrong/core", "publint", "typescript", "unplugin-lightningcss", "unplugin-unused", "unrun"], "bin": { "tsdown": "dist/run.mjs" } }, "sha512-c8VLlQm8/lFrOAg5VMVeN4NAbejZyVQkzd+ErjuaQgJFI/9MhR9ivr0H/CM7UlOF1+ELlF6YaI7sU/4itgGQ8w=="],

    "tslib": ["tslib@2.8.1", "", {}, "sha512-oJFu94HQb+KVduSUQL7wnpmqnfmLsOA/nAh6b6EH0wCEoK0/mPeXU6c3wKDV83MkOuHPRHtSXKKU99IBazS/2w=="],

    "typescript": ["typescript@5.9.3", "", { "bin": { "tsc": "bin/tsc", "tsserver": "bin/tsserver" } }, "sha512-jl1vZzPDinLr9eUt3J/t7V6FgNEw9QjvBPdysz9KfQDD41fQrC2Y4vKQdiaUpFT4bXlb1RHhLpp8wtm6M5TgSw=="],

    "unconfig": ["unconfig@7.5.0", "", { "dependencies": { "@quansync/fs": "^1.0.0", "defu": "^6.1.4", "jiti": "^2.6.1", "quansync": "^1.0.0", "unconfig-core": "7.5.0" } }, "sha512-oi8Qy2JV4D3UQ0PsopR28CzdQ3S/5A1zwsUwp/rosSbfhJ5z7b90bIyTwi/F7hCLD4SGcZVjDzd4XoUQcEanvA=="],

    "unconfig-core": ["unconfig-core@7.5.0", "", { "dependencies": { "@quansync/fs": "^1.0.0", "quansync": "^1.0.0" } }, "sha512-Su3FauozOGP44ZmKdHy2oE6LPjk51M/TRRjHv2HNCWiDvfvCoxC2lno6jevMA91MYAdCdwP05QnWdWpSbncX/w=="],
  }
}
